
Microsoft Visual Studio Solution File, Format Version 12.00
# Visual Studio Version 16
VisualStudioVersion = 16.0.30204.135
MinimumVisualStudioVersion = 10.0.40219.1
Project("{888888A0-9F3D-457C-B088-3A5042F75D52}") = "FlaskWebProject1", "FlaskWebProject1\FlaskWebProject1.pyproj", "{479AAF33-DA4A-434F-8DEF-2C54D2471239}"
EndProject
Global
	GlobalSection(SolutionConfigurationPlatforms) = preSolution
		Debug|Any CPU = Debug|Any CPU
		Release|Any CPU = Release|Any CPU
	EndGlobalSection
	GlobalSection(ProjectConfigurationPlatforms) = postSolution
		{479AAF33-DA4A-434F-8DEF-2C54D2471239}.Debug|Any CPU.ActiveCfg = Debug|Any CPU
		{479AAF33-DA4A-434F-8DEF-2C54D2471239}.Debug|Any CPU.Build.0 = Debug|Any CPU
		{479AAF33-DA4A-434F-8DEF-2C54D2471239}.Release|Any CPU.ActiveCfg = Release|Any CPU
		{479AAF33-DA4A-434F-8DEF-2C54D2471239}.Release|Any CPU.Build.0 = Release|Any CPU
	EndGlobalSection
	GlobalSection(SolutionProperties) = preSolution
		HideSolutionNode = FALSE
	EndGlobalSection
	GlobalSection(ExtensibilityGlobals) = postSolution
		SolutionGuid = {21D6E639-53A6-47C1-A37C-4D82AD060B55}
	EndGlobalSection
EndGlobal
